// !$*UTF8*$!
{
	archiveVersion = 1;
	classes = {
	};
	objectVersion = 50;
	objects = {

/* Begin PBXBuildFile section */
		58ECD08D255B2AED00D83018 /* Gears_and_BeltsApp.swift in Sources */ = {isa = PBXBuildFile; fileRef = 58ECD08C255B2AED00D83018 /* Gears_and_BeltsApp.swift */; };
		58ECD08F255B2AED00D83018 /* ContentView.swift in Sources */ = {isa = PBXBuildFile; fileRef = 58ECD08E255B2AED00D83018 /* ContentView.swift */; };
		58ECD091255B2AEE00D83018 /* Assets.xcassets in Resources */ = {isa = PBXBuildFile; fileRef = 58ECD090255B2AEE00D83018 /* Assets.xcassets */; };
		58ECD094255B2AEE00D83018 /* Preview Assets.xcassets in Resources */ = {isa = PBXBuildFile; fileRef = 58ECD093255B2AEE00D83018 /* Preview Assets.xcassets */; };
		58ECD09D255B2BDB00D83018 /* GearView.swift in Sources */ = {isa = PBXBuildFile; fileRef = 58ECD09C255B2BDB00D83018 /* GearView.swift */; };
		58ECD0A1255B333C00D83018 /* BeltView.swift in Sources */ = {isa = PBXBuildFile; fileRef = 58ECD0A0255B333C00D83018 /* BeltView.swift */; };
		58ECD0A4255B37AC00D83018 /* WormGearsView.swift in Sources */ = {isa = PBXBuildFile; fileRef = 58ECD0A3255B37AC00D83018 /* WormGearsView.swift */; };
		58ECD0A7255B3FBE00D83018 /* ShaftView.swift in Sources */ = {isa = PBXBuildFile; fileRef = 58ECD0A6255B3FBE00D83018 /* ShaftView.swift */; };
		58ECD0AA255B434900D83018 /* FanView.swift in Sources */ = {isa = PBXBuildFile; fileRef = 58ECD0A9255B434900D83018 /* FanView.swift */; };
/* End PBXBuildFile section */

/* Begin PBXFileReference section */
		58ECD089255B2AED00D83018 /* Gears and Belts.app */ = {isa = PBXFileReference; explicitFileType = wrapper.application; includeInIndex = 0; path = "Gears and Belts.app"; sourceTree = BUILT_PRODUCTS_DIR; };
		58ECD08C255B2AED00D83018 /* Gears_and_BeltsApp.swift */ = {isa = PBXFileReference; lastKnownFileType = sourcecode.swift; path = Gears_and_BeltsApp.swift; sourceTree = "<group>"; };
		58ECD08E255B2AED00D83018 /* ContentView.swift */ = {isa = PBXFileReference; lastKnownFileType = sourcecode.swift; path = ContentView.swift; sourceTree = "<group>"; };
		58ECD090255B2AEE00D83018 /* Assets.xcassets */ = {isa = PBXFileReference; lastKnownFileType = folder.assetcatalog; path = Assets.xcassets; sourceTree = "<group>"; };
		58ECD093255B2AEE00D83018 /* Preview Assets.xcassets */ = {isa = PBXFileReference; lastKnownFileType = folder.assetcatalog; path = "Preview Assets.xcassets"; sourceTree = "<group>"; };
		58ECD095255B2AEE00D83018 /* Info.plist */ = {isa = PBXFileReference; lastKnownFileType = text.plist.xml; path = Info.plist; sourceTree = "<group>"; };
		58ECD09C255B2BDB00D83018 /* GearView.swift */ = {isa = PBXFileReference; lastKnownFileType = sourcecode.swift; path = GearView.swift; sourceTree = "<group>"; };
		58ECD0A0255B333C00D83018 /* BeltView.swift */ = {isa = PBXFileReference; lastKnownFileType = sourcecode.swift; path = BeltView.swift; sourceTree = "<group>"; };
		58ECD0A3255B37AC00D83018 /* WormGearsView.swift */ = {isa = PBXFileReference; lastKnownFileType = sourcecode.swift; path = WormGearsView.swift; sourceTree = "<group>"; };
		58ECD0A6255B3FBE00D83018 /* ShaftView.swift */ = {isa = PBXFileReference; lastKnownFileType = sourcecode.swift; path = ShaftView.swift; sourceTree = "<group>"; };
		58ECD0A9255B434900D83018 /* FanView.swift */ = {isa = PBXFileReference; lastKnownFileType = sourcecode.swift; path = FanView.swift; sourceTree = "<group>"; };
/* End PBXFileReference section */

/* Begin PBXFrameworksBuildPhase section */
		58ECD086255B2AED00D83018 /* Frameworks */ = {
			isa = PBXFrameworksBuildPhase;
			buildActionMask = 2147483647;
			files = (
			);
			runOnlyForDeploymentPostprocessing = 0;
		};
/* End PBXFrameworksBuildPhase section */

/* Begin PBXGroup section */
		58ECD080255B2AED00D83018 = {
			isa = PBXGroup;
			children = (
				58ECD08B255B2AED00D83018 /* Gears and Belts */,
				58ECD08A255B2AED00D83018 /* Products */,
			);
			sourceTree = "<group>";
		};
		58ECD08A255B2AED00D83018 /* Products */ = {
			isa = PBXGroup;
			children = (
				58ECD089255B2AED00D83018 /* Gears and Belts.app */,
			);
			name = Products;
			sourceTree = "<group>";
		};
		58ECD08B255B2AED00D83018 /* Gears and Belts */ = {
			isa = PBXGroup;
			children = (
				58ECD08C255B2AED00D83018 /* Gears_and_BeltsApp.swift */,
				58ECD08E255B2AED00D83018 /* ContentView.swift */,
				58ECD09C255B2BDB00D83018 /* GearView.swift */,
				58ECD0A0255B333C00D83018 /* BeltView.swift */,
				58ECD0A3255B37AC00D83018 /* WormGearsView.swift */,
				58ECD0A6255B3FBE00D83018 /* ShaftView.swift */,
				58ECD0A9255B434900D83018 /* FanView.swift */,
				58ECD090255B2AEE00D83018 /* Assets.xcassets */,
				58ECD095255B2AEE00D83018 /* Info.plist */,
				58ECD092255B2AEE00D83018 /* Preview Content */,
			);
			path = "Gears and Belts";
			sourceTree = "<group>";
		};
		58ECD092255B2AEE00D83018 /* Preview Content */ = {
			isa = PBXGroup;
			children = (
				58ECD093255B2AEE00D83018 /* Preview Assets.xcassets */,
			);
			path = "Preview Content";
			sourceTree = "<group>";
		};
/* End PBXGroup section */

/* Begin PBXNativeTarget section */
		58ECD088255B2AED00D83018 /* Gears and Belts */ = {
			isa = PBXNativeTarget;
			buildConfigurationList = 58ECD098255B2AEE00D83018 /* Build configuration list for PBXNativeTarget "Gears and Belts" */;
			buildPhases = (
				58ECD085255B2AED00D83018 /* Sources */,
				58ECD086255B2AED00D83018 /* Frameworks */,
				58ECD087255B2AED00D83018 /* Resources */,
			);
			buildRules = (
			);
			dependencies = (
			);
			name = "Gears and Belts";
			productName = "Gears and Belts";
			productReference = 58ECD089255B2AED00D83018 /* Gears and Belts.app */;
			productType = "com.apple.product-type.application";
		};
/* End PBXNativeTarget section */

/* Begin PBXProject section */
		58ECD081255B2AED00D83018 /* Project object */ = {
			isa = PBXProject;
			attributes = {
				LastSwiftUpdateCheck = 1210;
				LastUpgradeCheck = 1210;
				TargetAttributes = {
					58ECD088255B2AED00D83018 = {
						CreatedOnToolsVersion = 12.1;
					};
				};
			};
			buildConfigurationList = 58ECD084255B2AED00D83018 /* Build configuration list for PBXProject "Gears and Belts" */;
			compatibilityVersion = "Xcode 9.3";
			developmentRegion = en;
			hasScannedForEncodings = 0;
			knownRegions = (
				en,
				Base,
			);
			mainGroup = 58ECD080255B2AED00D83018;
			productRefGroup = 58ECD08A255B2AED00D83018 /* Products */;
			projectDirPath = "";
			projectRoot = "";
			targets = (
				58ECD088255B2AED00D83018 /* Gears and Belts */,
			);
		};
/* End PBXProject section */

/* Begin PBXResourcesBuildPhase section */
		58ECD087255B2AED00D83018 /* Resources */ = {
			isa = PBXResourcesBuildPhase;
			buildActionMask = 2147483647;
			files = (
				58ECD094255B2AEE00D83018 /* Preview Assets.xcassets in Resources */,
				58ECD091255B2AEE00D83018 /* Assets.xcassets in Resources */,
			);
			runOnlyForDeploymentPostprocessing = 0;
		};
/* End PBXResourcesBuildPhase section */

/* Begin PBXSourcesBuildPhase section */
		58ECD085255B2AED00D83018 /* Sources */ = {
			isa = PBXSourcesBuildPhase;
			buildActionMask = 2147483647;
			files = (
				58ECD08F255B2AED00D83018 /* ContentView.swift in Sources */,
				58ECD09D255B2BDB00D83018 /* GearView.swift in Sources */,
				58ECD08D255B2AED00D83018 /* Gears_and_BeltsApp.swift in Sources */,
				58ECD0A1255B333C00D83018 /* BeltView.swift in Sources */,
				58ECD0A4255B37AC00D83018 /* WormGearsView.swift in Sources */,
				58ECD0A7255B3FBE00D83018 /* ShaftView.swift in Sources */,
				58ECD0AA255B434900D83018 /* FanView.swift in Sources */,
			);
			runOnlyForDeploymentPostprocessing = 0;
		};
/* End PBXSourcesBuildPhase section */

/* Begin XCBuildConfiguration section */
		58ECD096255B2AEE00D83018 /* Debug */ = {
			isa = XCBuildConfiguration;
			buildSettings = {
				ALWAYS_SEARCH_USER_PATHS = NO;
				CLANG_ANALYZER_NONNULL = YES;
				CLANG_ANALYZER_NUMBER_OBJECT_CONVERSION = YES_AGGRESSIVE;
				CLANG_CXX_LANGUAGE_STANDARD = "gnu++14";
				CLANG_CXX_LIBRARY = "libc++";
				CLANG_ENABLE_MODULES = YES;
				CLANG_ENABLE_OBJC_ARC = YES;
				CLANG_ENABLE_OBJC_WEAK = YES;
				CLANG_WARN_BLOCK_CAPTURE_AUTORELEASING = YES;
				CLANG_WARN_BOOL_CONVERSION = YES;
				CLANG_WARN_COMMA = YES;
				CLANG_WARN_CONSTANT_CONVERSION = YES;
				CLANG_WARN_DEPRECATED_OBJC_IMPLEMENTATIONS = YES;
				CLANG_WARN_DIRECT_OBJC_ISA_USAGE = YES_ERROR;
				CLANG_WARN_DOCUMENTATION_COMMENTS = YES;
				CLANG_WARN_EMPTY_BODY = YES;
				CLANG_WARN_ENUM_CONVERSION = YES;
				CLANG_WARN_INFINITE_RECURSION = YES;
				CLANG_WARN_INT_CONVERSION = YES;
				CLANG_WARN_NON_LITERAL_NULL_CONVERSION = YES;
				CLANG_WARN_OBJC_IMPLICIT_RETAIN_SELF = YES;
				CLANG_WARN_OBJC_LITERAL_CONVERSION = YES;
				CLANG_WARN_OBJC_ROOT_CLASS = YES_ERROR;
				CLANG_WARN_QUOTED_INCLUDE_IN_FRAMEWORK_HEADER = YES;
				CLANG_WARN_RANGE_LOOP_ANALYSIS = YES;
				CLANG_WARN_STRICT_PROTOTYPES = YES;
				CLANG_WARN_SUSPICIOUS_MOVE = YES;
				CLANG_WARN_UNGUARDED_AVAILABILITY = YES_AGGRESSIVE;
				CLANG_WARN_UNREACHABLE_CODE = YES;
				CLANG_WARN__DUPLICATE_METHOD_MATCH = YES;
				COPY_PHASE_STRIP = NO;
				DEBUG_INFORMATION_FORMAT = dwarf;
				ENABLE_STRICT_OBJC_MSGSEND = YES;
				ENABLE_TESTABILITY = YES;
				GCC_C_LANGUAGE_STANDARD = gnu11;
				GCC_DYNAMIC_NO_PIC = NO;
				GCC_NO_COMMON_BLOCKS = YES;
				GCC_OPTIMIZATION_LEVEL = 0;
				GCC_PREPROCESSOR_DEFINITIONS = (
					"DEBUG=1",
					"$(inherited)",
				);
				GCC_WARN_64_TO_32_BIT_CONVERSION = YES;
				GCC_WARN_ABOUT_RETURN_TYPE = YES_ERROR;
				GCC_WARN_UNDECLARED_SELECTOR = YES;
				GCC_WARN_UNINITIALIZED_AUTOS = YES_AGGRESSIVE;
				GCC_WARN_UNUSED_FUNCTION = YES;
				GCC_WARN_UNUSED_VARIABLE = YES;
				IPHONEOS_DEPLOYMENT_TARGET = 14.1;
				MTL_ENABLE_DEBUG_INFO = INCLUDE_SOURCE;
				MTL_FAST_MATH = YES;
				ONLY_ACTIVE_ARCH = YES;
				SDKROOT = iphoneos;
				SWIFT_ACTIVE_COMPILATION_CONDITIONS = DEBUG;
				SWIFT_OPTIMIZATION_LEVEL = "-Onone";
			};
			name = Debug;
		};
		58ECD097255B2AEE00D83018 /* Release */ = {
			isa = XCBuildConfiguration;
			buildSettings = {
				ALWAYS_SEARCH_USER_PATHS = NO;
				CLANG_ANALYZER_NONNULL = YES;
				CLANG_ANALYZER_NUMBER_OBJECT_CONVERSION = YES_AGGRESSIVE;
				CLANG_CXX_LANGUAGE_STANDARD = "gnu++14";
				CLANG_CXX_LIBRARY = "libc++";
				CLANG_ENABLE_MODULES = YES;
				CLANG_ENABLE_OBJC_ARC = YES;
				CLANG_ENABLE_OBJC_WEAK = YES;
				CLANG_WARN_BLOCK_CAPTURE_AUTORELEASING = YES;
				CLANG_WARN_BOOL_CONVERSION = YES;
				CLANG_WARN_COMMA = YES;
				CLANG_WARN_CONSTANT_CONVERSION = YES;
				CLANG_WARN_DEPRECATED_OBJC_IMPLEMENTATIONS = YES;
				CLANG_WARN_DIRECT_OBJC_ISA_USAGE = YES_ERROR;
				CLANG_WARN_DOCUMENTATION_COMMENTS = YES;
				CLANG_WARN_EMPTY_BODY = YES;
				CLANG_WARN_ENUM_CONVERSION = YES;
				CLANG_WARN_INFINITE_RECURSION = YES;
				CLANG_WARN_INT_CONVERSION = YES;
				CLANG_WARN_NON_LITERAL_NULL_CONVERSION = YES;
				CLANG_WARN_OBJC_IMPLICIT_RETAIN_SELF = YES;
				CLANG_WARN_OBJC_LITERAL_CONVERSION = YES;
				CLANG_WARN_OBJC_ROOT_CLASS = YES_ERROR;
				CLANG_WARN_QUOTED_INCLUDE_IN_FRAMEWORK_HEADER = YES;
				CLANG_WARN_RANGE_LOOP_ANALYSIS = YES;
				CLANG_WARN_STRICT_PROTOTYPES = YES;
				CLANG_WARN_SUSPICIOUS_MOVE = YES;
				CLANG_WARN_UNGUARDED_AVAILABILITY = YES_AGGRESSIVE;
				CLANG_WARN_UNREACHABLE_CODE = YES;
				CLANG_WARN__DUPLICATE_METHOD_MATCH = YES;
				COPY_PHASE_STRIP = NO;
				DEBUG_INFORMATION_FORMAT = "dwarf-with-dsym";
				ENABLE_NS_ASSERTIONS = NO;
				ENABLE_STRICT_OBJC_MSGSEND = YES;
				GCC_C_LANGUAGE_STANDARD = gnu11;
				GCC_NO_COMMON_BLOCKS = YES;
				GCC_WARN_64_TO_32_BIT_CONVERSION = YES;
				GCC_WARN_ABOUT_RETURN_TYPE = YES_ERROR;
				GCC_WARN_UNDECLARED_SELECTOR = YES;
				GCC_WARN_UNINITIALIZED_AUTOS = YES_AGGRESSIVE;
				GCC_WARN_UNUSED_FUNCTION = YES;
				GCC_WARN_UNUSED_VARIABLE = YES;
				IPHONEOS_DEPLOYMENT_TARGET = 14.1;
				MTL_ENABLE_DEBUG_INFO = NO;
				MTL_FAST_MATH = YES;
				SDKROOT = iphoneos;
				SWIFT_COMPILATION_MODE = wholemodule;
				SWIFT_OPTIMIZATION_LEVEL = "-O";
				VALIDATE_PRODUCT = YES;
			};
			name = Release;
		};
		58ECD099255B2AEE00D83018 /* Debug */ = {
			isa = XCBuildConfiguration;
			buildSettings = {
				ASSETCATALOG_COMPILER_APPICON_NAME = AppIcon;
				ASSETCATALOG_COMPILER_GLOBAL_ACCENT_COLOR_NAME = AccentColor;
				CODE_SIGN_STYLE = Automatic;
				DEVELOPMENT_ASSET_PATHS = "\"Gears and Belts/Preview Content\"";
				DEVELOPMENT_TEAM = M4YWUWL5V9;
				ENABLE_PREVIEWS = YES;
				INFOPLIST_FILE = "Gears and Belts/Info.plist";
				IPHONEOS_DEPLOYMENT_TARGET = 14.0;
				LD_RUNPATH_SEARCH_PATHS = (
					"$(inherited)",
					"@executable_path/Frameworks",
				);
				PRODUCT_BUNDLE_IDENTIFIER = "com.SMD-AppTech.Gears-and-Belts";
				PRODUCT_NAME = "$(TARGET_NAME)";
				SWIFT_VERSION = 5.0;
				TARGETED_DEVICE_FAMILY = "1,2";
			};
			name = Debug;
		};
		58ECD09A255B2AEE00D83018 /* Release */ = {
			isa = XCBuildConfiguration;
			buildSettings = {
				ASSETCATALOG_COMPILER_APPICON_NAME = AppIcon;
				ASSETCATALOG_COMPILER_GLOBAL_ACCENT_COLOR_NAME = AccentColor;
				CODE_SIGN_STYLE = Automatic;
				DEVELOPMENT_ASSET_PATHS = "\"Gears and Belts/Preview Content\"";
				DEVELOPMENT_TEAM = M4YWUWL5V9;
				ENABLE_PREVIEWS = YES;
				INFOPLIST_FILE = "Gears and Belts/Info.plist";
				IPHONEOS_DEPLOYMENT_TARGET = 14.0;
				LD_RUNPATH_SEARCH_PATHS = (
					"$(inherited)",
					"@executable_path/Frameworks",
				);
				PRODUCT_BUNDLE_IDENTIFIER = "com.SMD-AppTech.Gears-and-Belts";
				PRODUCT_NAME = "$(TARGET_NAME)";
				SWIFT_VERSION = 5.0;
				TARGETED_DEVICE_FAMILY = "1,2";
			};
			name = Release;
		};
/* End XCBuildConfiguration section */

/* Begin XCConfigurationList section */
		58ECD084255B2AED00D83018 /* Build configuration list for PBXProject "Gears and Belts" */ = {
			isa = XCConfigurationList;
			buildConfigurations = (
				58ECD096255B2AEE00D83018 /* Debug */,
				58ECD097255B2AEE00D83018 /* Release */,
			);
			defaultConfigurationIsVisible = 0;
			defaultConfigurationName = Release;
		};
		58ECD098255B2AEE00D83018 /* Build configuration list for PBXNativeTarget "Gears and Belts" */ = {
			isa = XCConfigurationList;
			buildConfigurations = (
				58ECD099255B2AEE00D83018 /* Debug */,
				58ECD09A255B2AEE00D83018 /* Release */,
			);
			defaultConfigurationIsVisible = 0;
			defaultConfigurationName = Release;
		};
/* End XCConfigurationList section */
	};
	rootObject = 58ECD081255B2AED00D83018 /* Project object */;
}
