// !$*UTF8*$!
{
	archiveVersion = 1;
	classes = {
	};
	objectVersion = 50;
	objects = {

/* Begin PBXBuildFile section */
		AFFD156C25A8DEF500DDA0CE /* Wifi_LoadingApp.swift in Sources */ = {isa = PBXBuildFile; fileRef = AFFD156B25A8DEF500DDA0CE /* Wifi_LoadingApp.swift */; };
		AFFD156E25A8DEF500DDA0CE /* ContentView.swift in Sources */ = {isa = PBXBuildFile; fileRef = AFFD156D25A8DEF500DDA0CE /* ContentView.swift */; };
		AFFD157025A8DEF500DDA0CE /* Assets.xcassets in Resources */ = {isa = PBXBuildFile; fileRef = AFFD156F25A8DEF500DDA0CE /* Assets.xcassets */; };
		AFFD157325A8DEF500DDA0CE /* Preview Assets.xcassets in Resources */ = {isa = PBXBuildFile; fileRef = AFFD157225A8DEF500DDA0CE /* Preview Assets.xcassets */; };
		AFFD157C25A8DF4D00DDA0CE /* Circles.swift in Sources */ = {isa = PBXBuildFile; fileRef = AFFD157B25A8DF4D00DDA0CE /* Circles.swift */; };
		AFFD157F25A8E45700DDA0CE /* CircleEmitter.swift in Sources */ = {isa = PBXBuildFile; fileRef = AFFD157E25A8E45700DDA0CE /* CircleEmitter.swift */; };
		AFFD158225A8E5E900DDA0CE /* ArcView.swift in Sources */ = {isa = PBXBuildFile; fileRef = AFFD158125A8E5E900DDA0CE /* ArcView.swift */; };
/* End PBXBuildFile section */

/* Begin PBXFileReference section */
		AFFD156825A8DEF500DDA0CE /* Wifi_Loading.app */ = {isa = PBXFileReference; explicitFileType = wrapper.application; includeInIndex = 0; path = Wifi_Loading.app; sourceTree = BUILT_PRODUCTS_DIR; };
		AFFD156B25A8DEF500DDA0CE /* Wifi_LoadingApp.swift */ = {isa = PBXFileReference; lastKnownFileType = sourcecode.swift; path = Wifi_LoadingApp.swift; sourceTree = "<group>"; };
		AFFD156D25A8DEF500DDA0CE /* ContentView.swift */ = {isa = PBXFileReference; lastKnownFileType = sourcecode.swift; path = ContentView.swift; sourceTree = "<group>"; };
		AFFD156F25A8DEF500DDA0CE /* Assets.xcassets */ = {isa = PBXFileReference; lastKnownFileType = folder.assetcatalog; path = Assets.xcassets; sourceTree = "<group>"; };
		AFFD157225A8DEF500DDA0CE /* Preview Assets.xcassets */ = {isa = PBXFileReference; lastKnownFileType = folder.assetcatalog; path = "Preview Assets.xcassets"; sourceTree = "<group>"; };
		AFFD157425A8DEF500DDA0CE /* Info.plist */ = {isa = PBXFileReference; lastKnownFileType = text.plist.xml; path = Info.plist; sourceTree = "<group>"; };
		AFFD157B25A8DF4D00DDA0CE /* Circles.swift */ = {isa = PBXFileReference; lastKnownFileType = sourcecode.swift; path = Circles.swift; sourceTree = "<group>"; };
		AFFD157E25A8E45700DDA0CE /* CircleEmitter.swift */ = {isa = PBXFileReference; lastKnownFileType = sourcecode.swift; path = CircleEmitter.swift; sourceTree = "<group>"; };
		AFFD158125A8E5E900DDA0CE /* ArcView.swift */ = {isa = PBXFileReference; lastKnownFileType = sourcecode.swift; path = ArcView.swift; sourceTree = "<group>"; };
/* End PBXFileReference section */

/* Begin PBXFrameworksBuildPhase section */
		AFFD156525A8DEF500DDA0CE /* Frameworks */ = {
			isa = PBXFrameworksBuildPhase;
			buildActionMask = 2147483647;
			files = (
			);
			runOnlyForDeploymentPostprocessing = 0;
		};
/* End PBXFrameworksBuildPhase section */

/* Begin PBXGroup section */
		AFFD155F25A8DEF500DDA0CE = {
			isa = PBXGroup;
			children = (
				AFFD156A25A8DEF500DDA0CE /* Wifi_Loading */,
				AFFD156925A8DEF500DDA0CE /* Products */,
			);
			sourceTree = "<group>";
		};
		AFFD156925A8DEF500DDA0CE /* Products */ = {
			isa = PBXGroup;
			children = (
				AFFD156825A8DEF500DDA0CE /* Wifi_Loading.app */,
			);
			name = Products;
			sourceTree = "<group>";
		};
		AFFD156A25A8DEF500DDA0CE /* Wifi_Loading */ = {
			isa = PBXGroup;
			children = (
				AFFD156B25A8DEF500DDA0CE /* Wifi_LoadingApp.swift */,
				AFFD156D25A8DEF500DDA0CE /* ContentView.swift */,
				AFFD157B25A8DF4D00DDA0CE /* Circles.swift */,
				AFFD157E25A8E45700DDA0CE /* CircleEmitter.swift */,
				AFFD158125A8E5E900DDA0CE /* ArcView.swift */,
				AFFD156F25A8DEF500DDA0CE /* Assets.xcassets */,
				AFFD157425A8DEF500DDA0CE /* Info.plist */,
				AFFD157125A8DEF500DDA0CE /* Preview Content */,
			);
			path = Wifi_Loading;
			sourceTree = "<group>";
		};
		AFFD157125A8DEF500DDA0CE /* Preview Content */ = {
			isa = PBXGroup;
			children = (
				AFFD157225A8DEF500DDA0CE /* Preview Assets.xcassets */,
			);
			path = "Preview Content";
			sourceTree = "<group>";
		};
/* End PBXGroup section */

/* Begin PBXNativeTarget section */
		AFFD156725A8DEF500DDA0CE /* Wifi_Loading */ = {
			isa = PBXNativeTarget;
			buildConfigurationList = AFFD157725A8DEF500DDA0CE /* Build configuration list for PBXNativeTarget "Wifi_Loading" */;
			buildPhases = (
				AFFD156425A8DEF500DDA0CE /* Sources */,
				AFFD156525A8DEF500DDA0CE /* Frameworks */,
				AFFD156625A8DEF500DDA0CE /* Resources */,
			);
			buildRules = (
			);
			dependencies = (
			);
			name = Wifi_Loading;
			productName = Wifi_Loading;
			productReference = AFFD156825A8DEF500DDA0CE /* Wifi_Loading.app */;
			productType = "com.apple.product-type.application";
		};
/* End PBXNativeTarget section */

/* Begin PBXProject section */
		AFFD156025A8DEF500DDA0CE /* Project object */ = {
			isa = PBXProject;
			attributes = {
				LastSwiftUpdateCheck = 1230;
				LastUpgradeCheck = 1230;
				TargetAttributes = {
					AFFD156725A8DEF500DDA0CE = {
						CreatedOnToolsVersion = 12.3;
					};
				};
			};
			buildConfigurationList = AFFD156325A8DEF500DDA0CE /* Build configuration list for PBXProject "Wifi_Loading" */;
			compatibilityVersion = "Xcode 9.3";
			developmentRegion = en;
			hasScannedForEncodings = 0;
			knownRegions = (
				en,
				Base,
			);
			mainGroup = AFFD155F25A8DEF500DDA0CE;
			productRefGroup = AFFD156925A8DEF500DDA0CE /* Products */;
			projectDirPath = "";
			projectRoot = "";
			targets = (
				AFFD156725A8DEF500DDA0CE /* Wifi_Loading */,
			);
		};
/* End PBXProject section */

/* Begin PBXResourcesBuildPhase section */
		AFFD156625A8DEF500DDA0CE /* Resources */ = {
			isa = PBXResourcesBuildPhase;
			buildActionMask = 2147483647;
			files = (
				AFFD157325A8DEF500DDA0CE /* Preview Assets.xcassets in Resources */,
				AFFD157025A8DEF500DDA0CE /* Assets.xcassets in Resources */,
			);
			runOnlyForDeploymentPostprocessing = 0;
		};
/* End PBXResourcesBuildPhase section */

/* Begin PBXSourcesBuildPhase section */
		AFFD156425A8DEF500DDA0CE /* Sources */ = {
			isa = PBXSourcesBuildPhase;
			buildActionMask = 2147483647;
			files = (
				AFFD157C25A8DF4D00DDA0CE /* Circles.swift in Sources */,
				AFFD158225A8E5E900DDA0CE /* ArcView.swift in Sources */,
				AFFD156E25A8DEF500DDA0CE /* ContentView.swift in Sources */,
				AFFD157F25A8E45700DDA0CE /* CircleEmitter.swift in Sources */,
				AFFD156C25A8DEF500DDA0CE /* Wifi_LoadingApp.swift in Sources */,
			);
			runOnlyForDeploymentPostprocessing = 0;
		};
/* End PBXSourcesBuildPhase section */

/* Begin XCBuildConfiguration section */
		AFFD157525A8DEF500DDA0CE /* Debug */ = {
			isa = XCBuildConfiguration;
			buildSettings = {
				ALWAYS_SEARCH_USER_PATHS = NO;
				CLANG_ANALYZER_NONNULL = YES;
				CLANG_ANALYZER_NUMBER_OBJECT_CONVERSION = YES_AGGRESSIVE;
				CLANG_CXX_LANGUAGE_STANDARD = "gnu++14";
				CLANG_CXX_LIBRARY = "libc++";
				CLANG_ENABLE_MODULES = YES;
				CLANG_ENABLE_OBJC_ARC = YES;
				CLANG_ENABLE_OBJC_WEAK = YES;
				CLANG_WARN_BLOCK_CAPTURE_AUTORELEASING = YES;
				CLANG_WARN_BOOL_CONVERSION = YES;
				CLANG_WARN_COMMA = YES;
				CLANG_WARN_CONSTANT_CONVERSION = YES;
				CLANG_WARN_DEPRECATED_OBJC_IMPLEMENTATIONS = YES;
				CLANG_WARN_DIRECT_OBJC_ISA_USAGE = YES_ERROR;
				CLANG_WARN_DOCUMENTATION_COMMENTS = YES;
				CLANG_WARN_EMPTY_BODY = YES;
				CLANG_WARN_ENUM_CONVERSION = YES;
				CLANG_WARN_INFINITE_RECURSION = YES;
				CLANG_WARN_INT_CONVERSION = YES;
				CLANG_WARN_NON_LITERAL_NULL_CONVERSION = YES;
				CLANG_WARN_OBJC_IMPLICIT_RETAIN_SELF = YES;
				CLANG_WARN_OBJC_LITERAL_CONVERSION = YES;
				CLANG_WARN_OBJC_ROOT_CLASS = YES_ERROR;
				CLANG_WARN_QUOTED_INCLUDE_IN_FRAMEWORK_HEADER = YES;
				CLANG_WARN_RANGE_LOOP_ANALYSIS = YES;
				CLANG_WARN_STRICT_PROTOTYPES = YES;
				CLANG_WARN_SUSPICIOUS_MOVE = YES;
				CLANG_WARN_UNGUARDED_AVAILABILITY = YES_AGGRESSIVE;
				CLANG_WARN_UNREACHABLE_CODE = YES;
				CLANG_WARN__DUPLICATE_METHOD_MATCH = YES;
				COPY_PHASE_STRIP = NO;
				DEBUG_INFORMATION_FORMAT = dwarf;
				ENABLE_STRICT_OBJC_MSGSEND = YES;
				ENABLE_TESTABILITY = YES;
				GCC_C_LANGUAGE_STANDARD = gnu11;
				GCC_DYNAMIC_NO_PIC = NO;
				GCC_NO_COMMON_BLOCKS = YES;
				GCC_OPTIMIZATION_LEVEL = 0;
				GCC_PREPROCESSOR_DEFINITIONS = (
					"DEBUG=1",
					"$(inherited)",
				);
				GCC_WARN_64_TO_32_BIT_CONVERSION = YES;
				GCC_WARN_ABOUT_RETURN_TYPE = YES_ERROR;
				GCC_WARN_UNDECLARED_SELECTOR = YES;
				GCC_WARN_UNINITIALIZED_AUTOS = YES_AGGRESSIVE;
				GCC_WARN_UNUSED_FUNCTION = YES;
				GCC_WARN_UNUSED_VARIABLE = YES;
				IPHONEOS_DEPLOYMENT_TARGET = 14.3;
				MTL_ENABLE_DEBUG_INFO = INCLUDE_SOURCE;
				MTL_FAST_MATH = YES;
				ONLY_ACTIVE_ARCH = YES;
				SDKROOT = iphoneos;
				SWIFT_ACTIVE_COMPILATION_CONDITIONS = DEBUG;
				SWIFT_OPTIMIZATION_LEVEL = "-Onone";
			};
			name = Debug;
		};
		AFFD157625A8DEF500DDA0CE /* Release */ = {
			isa = XCBuildConfiguration;
			buildSettings = {
				ALWAYS_SEARCH_USER_PATHS = NO;
				CLANG_ANALYZER_NONNULL = YES;
				CLANG_ANALYZER_NUMBER_OBJECT_CONVERSION = YES_AGGRESSIVE;
				CLANG_CXX_LANGUAGE_STANDARD = "gnu++14";
				CLANG_CXX_LIBRARY = "libc++";
				CLANG_ENABLE_MODULES = YES;
				CLANG_ENABLE_OBJC_ARC = YES;
				CLANG_ENABLE_OBJC_WEAK = YES;
				CLANG_WARN_BLOCK_CAPTURE_AUTORELEASING = YES;
				CLANG_WARN_BOOL_CONVERSION = YES;
				CLANG_WARN_COMMA = YES;
				CLANG_WARN_CONSTANT_CONVERSION = YES;
				CLANG_WARN_DEPRECATED_OBJC_IMPLEMENTATIONS = YES;
				CLANG_WARN_DIRECT_OBJC_ISA_USAGE = YES_ERROR;
				CLANG_WARN_DOCUMENTATION_COMMENTS = YES;
				CLANG_WARN_EMPTY_BODY = YES;
				CLANG_WARN_ENUM_CONVERSION = YES;
				CLANG_WARN_INFINITE_RECURSION = YES;
				CLANG_WARN_INT_CONVERSION = YES;
				CLANG_WARN_NON_LITERAL_NULL_CONVERSION = YES;
				CLANG_WARN_OBJC_IMPLICIT_RETAIN_SELF = YES;
				CLANG_WARN_OBJC_LITERAL_CONVERSION = YES;
				CLANG_WARN_OBJC_ROOT_CLASS = YES_ERROR;
				CLANG_WARN_QUOTED_INCLUDE_IN_FRAMEWORK_HEADER = YES;
				CLANG_WARN_RANGE_LOOP_ANALYSIS = YES;
				CLANG_WARN_STRICT_PROTOTYPES = YES;
				CLANG_WARN_SUSPICIOUS_MOVE = YES;
				CLANG_WARN_UNGUARDED_AVAILABILITY = YES_AGGRESSIVE;
				CLANG_WARN_UNREACHABLE_CODE = YES;
				CLANG_WARN__DUPLICATE_METHOD_MATCH = YES;
				COPY_PHASE_STRIP = NO;
				DEBUG_INFORMATION_FORMAT = "dwarf-with-dsym";
				ENABLE_NS_ASSERTIONS = NO;
				ENABLE_STRICT_OBJC_MSGSEND = YES;
				GCC_C_LANGUAGE_STANDARD = gnu11;
				GCC_NO_COMMON_BLOCKS = YES;
				GCC_WARN_64_TO_32_BIT_CONVERSION = YES;
				GCC_WARN_ABOUT_RETURN_TYPE = YES_ERROR;
				GCC_WARN_UNDECLARED_SELECTOR = YES;
				GCC_WARN_UNINITIALIZED_AUTOS = YES_AGGRESSIVE;
				GCC_WARN_UNUSED_FUNCTION = YES;
				GCC_WARN_UNUSED_VARIABLE = YES;
				IPHONEOS_DEPLOYMENT_TARGET = 14.3;
				MTL_ENABLE_DEBUG_INFO = NO;
				MTL_FAST_MATH = YES;
				SDKROOT = iphoneos;
				SWIFT_COMPILATION_MODE = wholemodule;
				SWIFT_OPTIMIZATION_LEVEL = "-O";
				VALIDATE_PRODUCT = YES;
			};
			name = Release;
		};
		AFFD157825A8DEF500DDA0CE /* Debug */ = {
			isa = XCBuildConfiguration;
			buildSettings = {
				ASSETCATALOG_COMPILER_APPICON_NAME = AppIcon;
				ASSETCATALOG_COMPILER_GLOBAL_ACCENT_COLOR_NAME = AccentColor;
				CODE_SIGN_STYLE = Automatic;
				DEVELOPMENT_ASSET_PATHS = "\"Wifi_Loading/Preview Content\"";
				DEVELOPMENT_TEAM = M4YWUWL5V9;
				ENABLE_PREVIEWS = YES;
				INFOPLIST_FILE = Wifi_Loading/Info.plist;
				IPHONEOS_DEPLOYMENT_TARGET = 14.0;
				LD_RUNPATH_SEARCH_PATHS = (
					"$(inherited)",
					"@executable_path/Frameworks",
				);
				PRODUCT_BUNDLE_IDENTIFIER = "com.SMDAppDevelopment.Wifi-Loading";
				PRODUCT_NAME = "$(TARGET_NAME)";
				SWIFT_VERSION = 5.0;
				TARGETED_DEVICE_FAMILY = "1,2";
			};
			name = Debug;
		};
		AFFD157925A8DEF500DDA0CE /* Release */ = {
			isa = XCBuildConfiguration;
			buildSettings = {
				ASSETCATALOG_COMPILER_APPICON_NAME = AppIcon;
				ASSETCATALOG_COMPILER_GLOBAL_ACCENT_COLOR_NAME = AccentColor;
				CODE_SIGN_STYLE = Automatic;
				DEVELOPMENT_ASSET_PATHS = "\"Wifi_Loading/Preview Content\"";
				DEVELOPMENT_TEAM = M4YWUWL5V9;
				ENABLE_PREVIEWS = YES;
				INFOPLIST_FILE = Wifi_Loading/Info.plist;
				IPHONEOS_DEPLOYMENT_TARGET = 14.0;
				LD_RUNPATH_SEARCH_PATHS = (
					"$(inherited)",
					"@executable_path/Frameworks",
				);
				PRODUCT_BUNDLE_IDENTIFIER = "com.SMDAppDevelopment.Wifi-Loading";
				PRODUCT_NAME = "$(TARGET_NAME)";
				SWIFT_VERSION = 5.0;
				TARGETED_DEVICE_FAMILY = "1,2";
			};
			name = Release;
		};
/* End XCBuildConfiguration section */

/* Begin XCConfigurationList section */
		AFFD156325A8DEF500DDA0CE /* Build configuration list for PBXProject "Wifi_Loading" */ = {
			isa = XCConfigurationList;
			buildConfigurations = (
				AFFD157525A8DEF500DDA0CE /* Debug */,
				AFFD157625A8DEF500DDA0CE /* Release */,
			);
			defaultConfigurationIsVisible = 0;
			defaultConfigurationName = Release;
		};
		AFFD157725A8DEF500DDA0CE /* Build configuration list for PBXNativeTarget "Wifi_Loading" */ = {
			isa = XCConfigurationList;
			buildConfigurations = (
				AFFD157825A8DEF500DDA0CE /* Debug */,
				AFFD157925A8DEF500DDA0CE /* Release */,
			);
			defaultConfigurationIsVisible = 0;
			defaultConfigurationName = Release;
		};
/* End XCConfigurationList section */
	};
	rootObject = AFFD156025A8DEF500DDA0CE /* Project object */;
}
