// !$*UTF8*$!
{
	archiveVersion = 1;
	classes = {
	};
	objectVersion = 50;
	objects = {

/* Begin PBXBuildFile section */
		84803C1425B7CD57003476E6 /* AppleWatchBreath WatchKit App.app in Embed Watch Content */ = {isa = PBXBuildFile; fileRef = 84803C1325B7CD57003476E6 /* AppleWatchBreath WatchKit App.app */; settings = {ATTRIBUTES = (RemoveHeadersOnCopy, ); }; };
		84803C1925B7CD5B003476E6 /* Assets.xcassets in Resources */ = {isa = PBXBuildFile; fileRef = 84803C1825B7CD5B003476E6 /* Assets.xcassets */; };
		84803C2025B7CD5C003476E6 /* AppleWatchBreath WatchKit Extension.appex in Embed App Extensions */ = {isa = PBXBuildFile; fileRef = 84803C1F25B7CD5C003476E6 /* AppleWatchBreath WatchKit Extension.appex */; settings = {ATTRIBUTES = (RemoveHeadersOnCopy, ); }; };
		84803C2525B7CD5C003476E6 /* AppleWatchBreathApp.swift in Sources */ = {isa = PBXBuildFile; fileRef = 84803C2425B7CD5C003476E6 /* AppleWatchBreathApp.swift */; };
		84803C2725B7CD5C003476E6 /* ContentView.swift in Sources */ = {isa = PBXBuildFile; fileRef = 84803C2625B7CD5C003476E6 /* ContentView.swift */; };
		84803C2925B7CD5C003476E6 /* NotificationController.swift in Sources */ = {isa = PBXBuildFile; fileRef = 84803C2825B7CD5C003476E6 /* NotificationController.swift */; };
		84803C2B25B7CD5C003476E6 /* NotificationView.swift in Sources */ = {isa = PBXBuildFile; fileRef = 84803C2A25B7CD5C003476E6 /* NotificationView.swift */; };
		84803C2D25B7CD5C003476E6 /* ComplicationController.swift in Sources */ = {isa = PBXBuildFile; fileRef = 84803C2C25B7CD5C003476E6 /* ComplicationController.swift */; };
		84803C2F25B7CD5D003476E6 /* Assets.xcassets in Resources */ = {isa = PBXBuildFile; fileRef = 84803C2E25B7CD5D003476E6 /* Assets.xcassets */; };
		84803C3225B7CD5D003476E6 /* Preview Assets.xcassets in Resources */ = {isa = PBXBuildFile; fileRef = 84803C3125B7CD5D003476E6 /* Preview Assets.xcassets */; };
/* End PBXBuildFile section */

/* Begin PBXContainerItemProxy section */
		84803C1525B7CD57003476E6 /* PBXContainerItemProxy */ = {
			isa = PBXContainerItemProxy;
			containerPortal = 84803C0925B7CD57003476E6 /* Project object */;
			proxyType = 1;
			remoteGlobalIDString = 84803C1225B7CD57003476E6;
			remoteInfo = "AppleWatchBreath WatchKit App";
		};
		84803C2125B7CD5C003476E6 /* PBXContainerItemProxy */ = {
			isa = PBXContainerItemProxy;
			containerPortal = 84803C0925B7CD57003476E6 /* Project object */;
			proxyType = 1;
			remoteGlobalIDString = 84803C1E25B7CD5C003476E6;
			remoteInfo = "AppleWatchBreath WatchKit Extension";
		};
/* End PBXContainerItemProxy section */

/* Begin PBXCopyFilesBuildPhase section */
		84803C3A25B7CD5D003476E6 /* Embed App Extensions */ = {
			isa = PBXCopyFilesBuildPhase;
			buildActionMask = 2147483647;
			dstPath = "";
			dstSubfolderSpec = 13;
			files = (
				84803C2025B7CD5C003476E6 /* AppleWatchBreath WatchKit Extension.appex in Embed App Extensions */,
			);
			name = "Embed App Extensions";
			runOnlyForDeploymentPostprocessing = 0;
		};
		84803C3E25B7CD5D003476E6 /* Embed Watch Content */ = {
			isa = PBXCopyFilesBuildPhase;
			buildActionMask = 2147483647;
			dstPath = "$(CONTENTS_FOLDER_PATH)/Watch";
			dstSubfolderSpec = 16;
			files = (
				84803C1425B7CD57003476E6 /* AppleWatchBreath WatchKit App.app in Embed Watch Content */,
			);
			name = "Embed Watch Content";
			runOnlyForDeploymentPostprocessing = 0;
		};
/* End PBXCopyFilesBuildPhase section */

/* Begin PBXFileReference section */
		84803C0F25B7CD57003476E6 /* AppleWatchBreath.app */ = {isa = PBXFileReference; explicitFileType = wrapper.application; includeInIndex = 0; path = AppleWatchBreath.app; sourceTree = BUILT_PRODUCTS_DIR; };
		84803C1325B7CD57003476E6 /* AppleWatchBreath WatchKit App.app */ = {isa = PBXFileReference; explicitFileType = wrapper.application; includeInIndex = 0; path = "AppleWatchBreath WatchKit App.app"; sourceTree = BUILT_PRODUCTS_DIR; };
		84803C1825B7CD5B003476E6 /* Assets.xcassets */ = {isa = PBXFileReference; lastKnownFileType = folder.assetcatalog; path = Assets.xcassets; sourceTree = "<group>"; };
		84803C1A25B7CD5B003476E6 /* Info.plist */ = {isa = PBXFileReference; lastKnownFileType = text.plist.xml; path = Info.plist; sourceTree = "<group>"; };
		84803C1F25B7CD5C003476E6 /* AppleWatchBreath WatchKit Extension.appex */ = {isa = PBXFileReference; explicitFileType = "wrapper.app-extension"; includeInIndex = 0; path = "AppleWatchBreath WatchKit Extension.appex"; sourceTree = BUILT_PRODUCTS_DIR; };
		84803C2425B7CD5C003476E6 /* AppleWatchBreathApp.swift */ = {isa = PBXFileReference; lastKnownFileType = sourcecode.swift; path = AppleWatchBreathApp.swift; sourceTree = "<group>"; };
		84803C2625B7CD5C003476E6 /* ContentView.swift */ = {isa = PBXFileReference; lastKnownFileType = sourcecode.swift; path = ContentView.swift; sourceTree = "<group>"; };
		84803C2825B7CD5C003476E6 /* NotificationController.swift */ = {isa = PBXFileReference; lastKnownFileType = sourcecode.swift; path = NotificationController.swift; sourceTree = "<group>"; };
		84803C2A25B7CD5C003476E6 /* NotificationView.swift */ = {isa = PBXFileReference; lastKnownFileType = sourcecode.swift; path = NotificationView.swift; sourceTree = "<group>"; };
		84803C2C25B7CD5C003476E6 /* ComplicationController.swift */ = {isa = PBXFileReference; lastKnownFileType = sourcecode.swift; path = ComplicationController.swift; sourceTree = "<group>"; };
		84803C2E25B7CD5D003476E6 /* Assets.xcassets */ = {isa = PBXFileReference; lastKnownFileType = folder.assetcatalog; path = Assets.xcassets; sourceTree = "<group>"; };
		84803C3125B7CD5D003476E6 /* Preview Assets.xcassets */ = {isa = PBXFileReference; lastKnownFileType = folder.assetcatalog; path = "Preview Assets.xcassets"; sourceTree = "<group>"; };
		84803C3325B7CD5D003476E6 /* Info.plist */ = {isa = PBXFileReference; lastKnownFileType = text.plist.xml; path = Info.plist; sourceTree = "<group>"; };
		84803C3425B7CD5D003476E6 /* PushNotificationPayload.apns */ = {isa = PBXFileReference; lastKnownFileType = text; path = PushNotificationPayload.apns; sourceTree = "<group>"; };
/* End PBXFileReference section */

/* Begin PBXFrameworksBuildPhase section */
		84803C1C25B7CD5C003476E6 /* Frameworks */ = {
			isa = PBXFrameworksBuildPhase;
			buildActionMask = 2147483647;
			files = (
			);
			runOnlyForDeploymentPostprocessing = 0;
		};
/* End PBXFrameworksBuildPhase section */

/* Begin PBXGroup section */
		84803C0825B7CD57003476E6 = {
			isa = PBXGroup;
			children = (
				84803C1725B7CD57003476E6 /* AppleWatchBreath WatchKit App */,
				84803C2325B7CD5C003476E6 /* AppleWatchBreath WatchKit Extension */,
				84803C1025B7CD57003476E6 /* Products */,
			);
			sourceTree = "<group>";
		};
		84803C1025B7CD57003476E6 /* Products */ = {
			isa = PBXGroup;
			children = (
				84803C0F25B7CD57003476E6 /* AppleWatchBreath.app */,
				84803C1325B7CD57003476E6 /* AppleWatchBreath WatchKit App.app */,
				84803C1F25B7CD5C003476E6 /* AppleWatchBreath WatchKit Extension.appex */,
			);
			name = Products;
			sourceTree = "<group>";
		};
		84803C1725B7CD57003476E6 /* AppleWatchBreath WatchKit App */ = {
			isa = PBXGroup;
			children = (
				84803C1825B7CD5B003476E6 /* Assets.xcassets */,
				84803C1A25B7CD5B003476E6 /* Info.plist */,
			);
			path = "AppleWatchBreath WatchKit App";
			sourceTree = "<group>";
		};
		84803C2325B7CD5C003476E6 /* AppleWatchBreath WatchKit Extension */ = {
			isa = PBXGroup;
			children = (
				84803C2425B7CD5C003476E6 /* AppleWatchBreathApp.swift */,
				84803C2625B7CD5C003476E6 /* ContentView.swift */,
				84803C2825B7CD5C003476E6 /* NotificationController.swift */,
				84803C2A25B7CD5C003476E6 /* NotificationView.swift */,
				84803C2C25B7CD5C003476E6 /* ComplicationController.swift */,
				84803C2E25B7CD5D003476E6 /* Assets.xcassets */,
				84803C3325B7CD5D003476E6 /* Info.plist */,
				84803C3425B7CD5D003476E6 /* PushNotificationPayload.apns */,
				84803C3025B7CD5D003476E6 /* Preview Content */,
			);
			path = "AppleWatchBreath WatchKit Extension";
			sourceTree = "<group>";
		};
		84803C3025B7CD5D003476E6 /* Preview Content */ = {
			isa = PBXGroup;
			children = (
				84803C3125B7CD5D003476E6 /* Preview Assets.xcassets */,
			);
			path = "Preview Content";
			sourceTree = "<group>";
		};
/* End PBXGroup section */

/* Begin PBXNativeTarget section */
		84803C0E25B7CD57003476E6 /* AppleWatchBreath */ = {
			isa = PBXNativeTarget;
			buildConfigurationList = 84803C3F25B7CD5D003476E6 /* Build configuration list for PBXNativeTarget "AppleWatchBreath" */;
			buildPhases = (
				84803C0D25B7CD57003476E6 /* Resources */,
				84803C3E25B7CD5D003476E6 /* Embed Watch Content */,
			);
			buildRules = (
			);
			dependencies = (
				84803C1625B7CD57003476E6 /* PBXTargetDependency */,
			);
			name = AppleWatchBreath;
			productName = AppleWatchBreath;
			productReference = 84803C0F25B7CD57003476E6 /* AppleWatchBreath.app */;
			productType = "com.apple.product-type.application.watchapp2-container";
		};
		84803C1225B7CD57003476E6 /* AppleWatchBreath WatchKit App */ = {
			isa = PBXNativeTarget;
			buildConfigurationList = 84803C3B25B7CD5D003476E6 /* Build configuration list for PBXNativeTarget "AppleWatchBreath WatchKit App" */;
			buildPhases = (
				84803C1125B7CD57003476E6 /* Resources */,
				84803C3A25B7CD5D003476E6 /* Embed App Extensions */,
			);
			buildRules = (
			);
			dependencies = (
				84803C2225B7CD5C003476E6 /* PBXTargetDependency */,
			);
			name = "AppleWatchBreath WatchKit App";
			productName = "AppleWatchBreath WatchKit App";
			productReference = 84803C1325B7CD57003476E6 /* AppleWatchBreath WatchKit App.app */;
			productType = "com.apple.product-type.application.watchapp2";
		};
		84803C1E25B7CD5C003476E6 /* AppleWatchBreath WatchKit Extension */ = {
			isa = PBXNativeTarget;
			buildConfigurationList = 84803C3725B7CD5D003476E6 /* Build configuration list for PBXNativeTarget "AppleWatchBreath WatchKit Extension" */;
			buildPhases = (
				84803C1B25B7CD5C003476E6 /* Sources */,
				84803C1C25B7CD5C003476E6 /* Frameworks */,
				84803C1D25B7CD5C003476E6 /* Resources */,
			);
			buildRules = (
			);
			dependencies = (
			);
			name = "AppleWatchBreath WatchKit Extension";
			productName = "AppleWatchBreath WatchKit Extension";
			productReference = 84803C1F25B7CD5C003476E6 /* AppleWatchBreath WatchKit Extension.appex */;
			productType = "com.apple.product-type.watchkit2-extension";
		};
/* End PBXNativeTarget section */

/* Begin PBXProject section */
		84803C0925B7CD57003476E6 /* Project object */ = {
			isa = PBXProject;
			attributes = {
				LastSwiftUpdateCheck = 1230;
				LastUpgradeCheck = 1230;
				TargetAttributes = {
					84803C0E25B7CD57003476E6 = {
						CreatedOnToolsVersion = 12.3;
					};
					84803C1225B7CD57003476E6 = {
						CreatedOnToolsVersion = 12.3;
					};
					84803C1E25B7CD5C003476E6 = {
						CreatedOnToolsVersion = 12.3;
					};
				};
			};
			buildConfigurationList = 84803C0C25B7CD57003476E6 /* Build configuration list for PBXProject "AppleWatchBreath" */;
			compatibilityVersion = "Xcode 9.3";
			developmentRegion = en;
			hasScannedForEncodings = 0;
			knownRegions = (
				en,
				Base,
			);
			mainGroup = 84803C0825B7CD57003476E6;
			productRefGroup = 84803C1025B7CD57003476E6 /* Products */;
			projectDirPath = "";
			projectRoot = "";
			targets = (
				84803C0E25B7CD57003476E6 /* AppleWatchBreath */,
				84803C1225B7CD57003476E6 /* AppleWatchBreath WatchKit App */,
				84803C1E25B7CD5C003476E6 /* AppleWatchBreath WatchKit Extension */,
			);
		};
/* End PBXProject section */

/* Begin PBXResourcesBuildPhase section */
		84803C0D25B7CD57003476E6 /* Resources */ = {
			isa = PBXResourcesBuildPhase;
			buildActionMask = 2147483647;
			files = (
			);
			runOnlyForDeploymentPostprocessing = 0;
		};
		84803C1125B7CD57003476E6 /* Resources */ = {
			isa = PBXResourcesBuildPhase;
			buildActionMask = 2147483647;
			files = (
				84803C1925B7CD5B003476E6 /* Assets.xcassets in Resources */,
			);
			runOnlyForDeploymentPostprocessing = 0;
		};
		84803C1D25B7CD5C003476E6 /* Resources */ = {
			isa = PBXResourcesBuildPhase;
			buildActionMask = 2147483647;
			files = (
				84803C3225B7CD5D003476E6 /* Preview Assets.xcassets in Resources */,
				84803C2F25B7CD5D003476E6 /* Assets.xcassets in Resources */,
			);
			runOnlyForDeploymentPostprocessing = 0;
		};
/* End PBXResourcesBuildPhase section */

/* Begin PBXSourcesBuildPhase section */
		84803C1B25B7CD5C003476E6 /* Sources */ = {
			isa = PBXSourcesBuildPhase;
			buildActionMask = 2147483647;
			files = (
				84803C2925B7CD5C003476E6 /* NotificationController.swift in Sources */,
				84803C2725B7CD5C003476E6 /* ContentView.swift in Sources */,
				84803C2D25B7CD5C003476E6 /* ComplicationController.swift in Sources */,
				84803C2525B7CD5C003476E6 /* AppleWatchBreathApp.swift in Sources */,
				84803C2B25B7CD5C003476E6 /* NotificationView.swift in Sources */,
			);
			runOnlyForDeploymentPostprocessing = 0;
		};
/* End PBXSourcesBuildPhase section */

/* Begin PBXTargetDependency section */
		84803C1625B7CD57003476E6 /* PBXTargetDependency */ = {
			isa = PBXTargetDependency;
			target = 84803C1225B7CD57003476E6 /* AppleWatchBreath WatchKit App */;
			targetProxy = 84803C1525B7CD57003476E6 /* PBXContainerItemProxy */;
		};
		84803C2225B7CD5C003476E6 /* PBXTargetDependency */ = {
			isa = PBXTargetDependency;
			target = 84803C1E25B7CD5C003476E6 /* AppleWatchBreath WatchKit Extension */;
			targetProxy = 84803C2125B7CD5C003476E6 /* PBXContainerItemProxy */;
		};
/* End PBXTargetDependency section */

/* Begin XCBuildConfiguration section */
		84803C3525B7CD5D003476E6 /* Debug */ = {
			isa = XCBuildConfiguration;
			buildSettings = {
				ALWAYS_SEARCH_USER_PATHS = NO;
				CLANG_ANALYZER_NONNULL = YES;
				CLANG_ANALYZER_NUMBER_OBJECT_CONVERSION = YES_AGGRESSIVE;
				CLANG_CXX_LANGUAGE_STANDARD = "gnu++14";
				CLANG_CXX_LIBRARY = "libc++";
				CLANG_ENABLE_MODULES = YES;
				CLANG_ENABLE_OBJC_ARC = YES;
				CLANG_ENABLE_OBJC_WEAK = YES;
				CLANG_WARN_BLOCK_CAPTURE_AUTORELEASING = YES;
				CLANG_WARN_BOOL_CONVERSION = YES;
				CLANG_WARN_COMMA = YES;
				CLANG_WARN_CONSTANT_CONVERSION = YES;
				CLANG_WARN_DEPRECATED_OBJC_IMPLEMENTATIONS = YES;
				CLANG_WARN_DIRECT_OBJC_ISA_USAGE = YES_ERROR;
				CLANG_WARN_DOCUMENTATION_COMMENTS = YES;
				CLANG_WARN_EMPTY_BODY = YES;
				CLANG_WARN_ENUM_CONVERSION = YES;
				CLANG_WARN_INFINITE_RECURSION = YES;
				CLANG_WARN_INT_CONVERSION = YES;
				CLANG_WARN_NON_LITERAL_NULL_CONVERSION = YES;
				CLANG_WARN_OBJC_IMPLICIT_RETAIN_SELF = YES;
				CLANG_WARN_OBJC_LITERAL_CONVERSION = YES;
				CLANG_WARN_OBJC_ROOT_CLASS = YES_ERROR;
				CLANG_WARN_QUOTED_INCLUDE_IN_FRAMEWORK_HEADER = YES;
				CLANG_WARN_RANGE_LOOP_ANALYSIS = YES;
				CLANG_WARN_STRICT_PROTOTYPES = YES;
				CLANG_WARN_SUSPICIOUS_MOVE = YES;
				CLANG_WARN_UNGUARDED_AVAILABILITY = YES_AGGRESSIVE;
				CLANG_WARN_UNREACHABLE_CODE = YES;
				CLANG_WARN__DUPLICATE_METHOD_MATCH = YES;
				COPY_PHASE_STRIP = NO;
				DEBUG_INFORMATION_FORMAT = dwarf;
				ENABLE_STRICT_OBJC_MSGSEND = YES;
				ENABLE_TESTABILITY = YES;
				GCC_C_LANGUAGE_STANDARD = gnu11;
				GCC_DYNAMIC_NO_PIC = NO;
				GCC_NO_COMMON_BLOCKS = YES;
				GCC_OPTIMIZATION_LEVEL = 0;
				GCC_PREPROCESSOR_DEFINITIONS = (
					"DEBUG=1",
					"$(inherited)",
				);
				GCC_WARN_64_TO_32_BIT_CONVERSION = YES;
				GCC_WARN_ABOUT_RETURN_TYPE = YES_ERROR;
				GCC_WARN_UNDECLARED_SELECTOR = YES;
				GCC_WARN_UNINITIALIZED_AUTOS = YES_AGGRESSIVE;
				GCC_WARN_UNUSED_FUNCTION = YES;
				GCC_WARN_UNUSED_VARIABLE = YES;
				MTL_ENABLE_DEBUG_INFO = INCLUDE_SOURCE;
				MTL_FAST_MATH = YES;
				ONLY_ACTIVE_ARCH = YES;
				SDKROOT = iphoneos;
				SWIFT_ACTIVE_COMPILATION_CONDITIONS = DEBUG;
				SWIFT_OPTIMIZATION_LEVEL = "-Onone";
			};
			name = Debug;
		};
		84803C3625B7CD5D003476E6 /* Release */ = {
			isa = XCBuildConfiguration;
			buildSettings = {
				ALWAYS_SEARCH_USER_PATHS = NO;
				CLANG_ANALYZER_NONNULL = YES;
				CLANG_ANALYZER_NUMBER_OBJECT_CONVERSION = YES_AGGRESSIVE;
				CLANG_CXX_LANGUAGE_STANDARD = "gnu++14";
				CLANG_CXX_LIBRARY = "libc++";
				CLANG_ENABLE_MODULES = YES;
				CLANG_ENABLE_OBJC_ARC = YES;
				CLANG_ENABLE_OBJC_WEAK = YES;
				CLANG_WARN_BLOCK_CAPTURE_AUTORELEASING = YES;
				CLANG_WARN_BOOL_CONVERSION = YES;
				CLANG_WARN_COMMA = YES;
				CLANG_WARN_CONSTANT_CONVERSION = YES;
				CLANG_WARN_DEPRECATED_OBJC_IMPLEMENTATIONS = YES;
				CLANG_WARN_DIRECT_OBJC_ISA_USAGE = YES_ERROR;
				CLANG_WARN_DOCUMENTATION_COMMENTS = YES;
				CLANG_WARN_EMPTY_BODY = YES;
				CLANG_WARN_ENUM_CONVERSION = YES;
				CLANG_WARN_INFINITE_RECURSION = YES;
				CLANG_WARN_INT_CONVERSION = YES;
				CLANG_WARN_NON_LITERAL_NULL_CONVERSION = YES;
				CLANG_WARN_OBJC_IMPLICIT_RETAIN_SELF = YES;
				CLANG_WARN_OBJC_LITERAL_CONVERSION = YES;
				CLANG_WARN_OBJC_ROOT_CLASS = YES_ERROR;
				CLANG_WARN_QUOTED_INCLUDE_IN_FRAMEWORK_HEADER = YES;
				CLANG_WARN_RANGE_LOOP_ANALYSIS = YES;
				CLANG_WARN_STRICT_PROTOTYPES = YES;
				CLANG_WARN_SUSPICIOUS_MOVE = YES;
				CLANG_WARN_UNGUARDED_AVAILABILITY = YES_AGGRESSIVE;
				CLANG_WARN_UNREACHABLE_CODE = YES;
				CLANG_WARN__DUPLICATE_METHOD_MATCH = YES;
				COPY_PHASE_STRIP = NO;
				DEBUG_INFORMATION_FORMAT = "dwarf-with-dsym";
				ENABLE_NS_ASSERTIONS = NO;
				ENABLE_STRICT_OBJC_MSGSEND = YES;
				GCC_C_LANGUAGE_STANDARD = gnu11;
				GCC_NO_COMMON_BLOCKS = YES;
				GCC_WARN_64_TO_32_BIT_CONVERSION = YES;
				GCC_WARN_ABOUT_RETURN_TYPE = YES_ERROR;
				GCC_WARN_UNDECLARED_SELECTOR = YES;
				GCC_WARN_UNINITIALIZED_AUTOS = YES_AGGRESSIVE;
				GCC_WARN_UNUSED_FUNCTION = YES;
				GCC_WARN_UNUSED_VARIABLE = YES;
				MTL_ENABLE_DEBUG_INFO = NO;
				MTL_FAST_MATH = YES;
				SDKROOT = iphoneos;
				SWIFT_COMPILATION_MODE = wholemodule;
				SWIFT_OPTIMIZATION_LEVEL = "-O";
				VALIDATE_PRODUCT = YES;
			};
			name = Release;
		};
		84803C3825B7CD5D003476E6 /* Debug */ = {
			isa = XCBuildConfiguration;
			buildSettings = {
				ASSETCATALOG_COMPILER_COMPLICATION_NAME = Complication;
				CODE_SIGN_STYLE = Automatic;
				DEVELOPMENT_ASSET_PATHS = "\"AppleWatchBreath WatchKit Extension/Preview Content\"";
				DEVELOPMENT_TEAM = 5BXN67M73D;
				ENABLE_PREVIEWS = YES;
				INFOPLIST_FILE = "AppleWatchBreath WatchKit Extension/Info.plist";
				LD_RUNPATH_SEARCH_PATHS = (
					"$(inherited)",
					"@executable_path/Frameworks",
					"@executable_path/../../Frameworks",
				);
				PRODUCT_BUNDLE_IDENTIFIER = com.nimbbble.AppleWatchBreath.watchkitapp.watchkitextension;
				PRODUCT_NAME = "${TARGET_NAME}";
				SDKROOT = watchos;
				SKIP_INSTALL = YES;
				SWIFT_VERSION = 5.0;
				TARGETED_DEVICE_FAMILY = 4;
				WATCHOS_DEPLOYMENT_TARGET = 7.2;
			};
			name = Debug;
		};
		84803C3925B7CD5D003476E6 /* Release */ = {
			isa = XCBuildConfiguration;
			buildSettings = {
				ASSETCATALOG_COMPILER_COMPLICATION_NAME = Complication;
				CODE_SIGN_STYLE = Automatic;
				DEVELOPMENT_ASSET_PATHS = "\"AppleWatchBreath WatchKit Extension/Preview Content\"";
				DEVELOPMENT_TEAM = 5BXN67M73D;
				ENABLE_PREVIEWS = YES;
				INFOPLIST_FILE = "AppleWatchBreath WatchKit Extension/Info.plist";
				LD_RUNPATH_SEARCH_PATHS = (
					"$(inherited)",
					"@executable_path/Frameworks",
					"@executable_path/../../Frameworks",
				);
				PRODUCT_BUNDLE_IDENTIFIER = com.nimbbble.AppleWatchBreath.watchkitapp.watchkitextension;
				PRODUCT_NAME = "${TARGET_NAME}";
				SDKROOT = watchos;
				SKIP_INSTALL = YES;
				SWIFT_VERSION = 5.0;
				TARGETED_DEVICE_FAMILY = 4;
				WATCHOS_DEPLOYMENT_TARGET = 7.2;
			};
			name = Release;
		};
		84803C3C25B7CD5D003476E6 /* Debug */ = {
			isa = XCBuildConfiguration;
			buildSettings = {
				ALWAYS_EMBED_SWIFT_STANDARD_LIBRARIES = YES;
				ASSETCATALOG_COMPILER_APPICON_NAME = AppIcon;
				ASSETCATALOG_COMPILER_GLOBAL_ACCENT_COLOR_NAME = AccentColor;
				CODE_SIGN_STYLE = Automatic;
				DEVELOPMENT_TEAM = 5BXN67M73D;
				IBSC_MODULE = AppleWatchBreath_WatchKit_Extension;
				INFOPLIST_FILE = "AppleWatchBreath WatchKit App/Info.plist";
				PRODUCT_BUNDLE_IDENTIFIER = com.nimbbble.AppleWatchBreath.watchkitapp;
				PRODUCT_NAME = "$(TARGET_NAME)";
				SDKROOT = watchos;
				SKIP_INSTALL = YES;
				SWIFT_VERSION = 5.0;
				TARGETED_DEVICE_FAMILY = 4;
				WATCHOS_DEPLOYMENT_TARGET = 7.2;
			};
			name = Debug;
		};
		84803C3D25B7CD5D003476E6 /* Release */ = {
			isa = XCBuildConfiguration;
			buildSettings = {
				ALWAYS_EMBED_SWIFT_STANDARD_LIBRARIES = YES;
				ASSETCATALOG_COMPILER_APPICON_NAME = AppIcon;
				ASSETCATALOG_COMPILER_GLOBAL_ACCENT_COLOR_NAME = AccentColor;
				CODE_SIGN_STYLE = Automatic;
				DEVELOPMENT_TEAM = 5BXN67M73D;
				IBSC_MODULE = AppleWatchBreath_WatchKit_Extension;
				INFOPLIST_FILE = "AppleWatchBreath WatchKit App/Info.plist";
				PRODUCT_BUNDLE_IDENTIFIER = com.nimbbble.AppleWatchBreath.watchkitapp;
				PRODUCT_NAME = "$(TARGET_NAME)";
				SDKROOT = watchos;
				SKIP_INSTALL = YES;
				SWIFT_VERSION = 5.0;
				TARGETED_DEVICE_FAMILY = 4;
				WATCHOS_DEPLOYMENT_TARGET = 7.2;
			};
			name = Release;
		};
		84803C4025B7CD5D003476E6 /* Debug */ = {
			isa = XCBuildConfiguration;
			buildSettings = {
				CODE_SIGN_STYLE = Automatic;
				CURRENT_PROJECT_VERSION = 1;
				DEVELOPMENT_TEAM = 5BXN67M73D;
				MARKETING_VERSION = 1.0;
				PRODUCT_BUNDLE_IDENTIFIER = com.nimbbble.AppleWatchBreath;
				PRODUCT_NAME = "$(TARGET_NAME)";
				SWIFT_VERSION = 5.0;
			};
			name = Debug;
		};
		84803C4125B7CD5D003476E6 /* Release */ = {
			isa = XCBuildConfiguration;
			buildSettings = {
				CODE_SIGN_STYLE = Automatic;
				CURRENT_PROJECT_VERSION = 1;
				DEVELOPMENT_TEAM = 5BXN67M73D;
				MARKETING_VERSION = 1.0;
				PRODUCT_BUNDLE_IDENTIFIER = com.nimbbble.AppleWatchBreath;
				PRODUCT_NAME = "$(TARGET_NAME)";
				SWIFT_VERSION = 5.0;
			};
			name = Release;
		};
/* End XCBuildConfiguration section */

/* Begin XCConfigurationList section */
		84803C0C25B7CD57003476E6 /* Build configuration list for PBXProject "AppleWatchBreath" */ = {
			isa = XCConfigurationList;
			buildConfigurations = (
				84803C3525B7CD5D003476E6 /* Debug */,
				84803C3625B7CD5D003476E6 /* Release */,
			);
			defaultConfigurationIsVisible = 0;
			defaultConfigurationName = Release;
		};
		84803C3725B7CD5D003476E6 /* Build configuration list for PBXNativeTarget "AppleWatchBreath WatchKit Extension" */ = {
			isa = XCConfigurationList;
			buildConfigurations = (
				84803C3825B7CD5D003476E6 /* Debug */,
				84803C3925B7CD5D003476E6 /* Release */,
			);
			defaultConfigurationIsVisible = 0;
			defaultConfigurationName = Release;
		};
		84803C3B25B7CD5D003476E6 /* Build configuration list for PBXNativeTarget "AppleWatchBreath WatchKit App" */ = {
			isa = XCConfigurationList;
			buildConfigurations = (
				84803C3C25B7CD5D003476E6 /* Debug */,
				84803C3D25B7CD5D003476E6 /* Release */,
			);
			defaultConfigurationIsVisible = 0;
			defaultConfigurationName = Release;
		};
		84803C3F25B7CD5D003476E6 /* Build configuration list for PBXNativeTarget "AppleWatchBreath" */ = {
			isa = XCConfigurationList;
			buildConfigurations = (
				84803C4025B7CD5D003476E6 /* Debug */,
				84803C4125B7CD5D003476E6 /* Release */,
			);
			defaultConfigurationIsVisible = 0;
			defaultConfigurationName = Release;
		};
/* End XCConfigurationList section */
	};
	rootObject = 84803C0925B7CD57003476E6 /* Project object */;
}
